
Microsoft Visual Studio Solution File, Format Version 12.00
# Visual Studio Version 17
VisualStudioVersion = 17.7.34024.191
MinimumVisualStudioVersion = 10.0.40219.1
Project("{FAE04EC0-301F-11D3-BF4B-00C04F79EFBC}") = "InvestorsApi", "InvestorsApi.csproj", "{43772A0F-E5E4-49B4-A286-7E4497BAEF50}"
EndProject
Project("{FAE04EC0-301F-11D3-BF4B-00C04F79EFBC}") = "InvestorsApi.Models", "..\InvestorsApi.Models\InvestorsApi.Models.csproj", "{C68877D8-8C69-48E7-86D2-D032D9DE43CC}"
EndProject
Project("{FAE04EC0-301F-11D3-BF4B-00C04F79EFBC}") = "InvestorsApi.Repositories", "..\InvestorsApi.Repositories\InvestorsApi.Repositories.csproj", "{2E07E809-0142-4624-A42E-EF50838563BF}"
EndProject
Project("{FAE04EC0-301F-11D3-BF4B-00C04F79EFBC}") = "InvestorsApi.Services", "..\InvestorsApi.Services\InvestorsApi.Services.csproj", "{4E40466B-90D5-4B63-A909-CFE58966FEDB}"
EndProject
Project("{FAE04EC0-301F-11D3-BF4B-00C04F79EFBC}") = "InvestorsApi.Tests", "..\InvestorsApi.Tests\InvestorsApi.Tests.csproj", "{BC1007A0-26B4-4BF3-AB2E-CF5761A7E75F}"
EndProject
Global
	GlobalSection(SolutionConfigurationPlatforms) = preSolution
		Debug|Any CPU = Debug|Any CPU
		Release|Any CPU = Release|Any CPU
	EndGlobalSection
	GlobalSection(ProjectConfigurationPlatforms) = postSolution
		{43772A0F-E5E4-49B4-A286-7E4497BAEF50}.Debug|Any CPU.ActiveCfg = Debug|Any CPU
		{43772A0F-E5E4-49B4-A286-7E4497BAEF50}.Debug|Any CPU.Build.0 = Debug|Any CPU
		{43772A0F-E5E4-49B4-A286-7E4497BAEF50}.Release|Any CPU.ActiveCfg = Release|Any CPU
		{43772A0F-E5E4-49B4-A286-7E4497BAEF50}.Release|Any CPU.Build.0 = Release|Any CPU
		{C68877D8-8C69-48E7-86D2-D032D9DE43CC}.Debug|Any CPU.ActiveCfg = Debug|Any CPU
		{C68877D8-8C69-48E7-86D2-D032D9DE43CC}.Debug|Any CPU.Build.0 = Debug|Any CPU
		{C68877D8-8C69-48E7-86D2-D032D9DE43CC}.Release|Any CPU.ActiveCfg = Release|Any CPU
		{C68877D8-8C69-48E7-86D2-D032D9DE43CC}.Release|Any CPU.Build.0 = Release|Any CPU
		{2E07E809-0142-4624-A42E-EF50838563BF}.Debug|Any CPU.ActiveCfg = Debug|Any CPU
		{2E07E809-0142-4624-A42E-EF50838563BF}.Debug|Any CPU.Build.0 = Debug|Any CPU
		{2E07E809-0142-4624-A42E-EF50838563BF}.Release|Any CPU.ActiveCfg = Release|Any CPU
		{2E07E809-0142-4624-A42E-EF50838563BF}.Release|Any CPU.Build.0 = Release|Any CPU
		{4E40466B-90D5-4B63-A909-CFE58966FEDB}.Debug|Any CPU.ActiveCfg = Debug|Any CPU
		{4E40466B-90D5-4B63-A909-CFE58966FEDB}.Debug|Any CPU.Build.0 = Debug|Any CPU
		{4E40466B-90D5-4B63-A909-CFE58966FEDB}.Release|Any CPU.ActiveCfg = Release|Any CPU
		{4E40466B-90D5-4B63-A909-CFE58966FEDB}.Release|Any CPU.Build.0 = Release|Any CPU
		{BC1007A0-26B4-4BF3-AB2E-CF5761A7E75F}.Debug|Any CPU.ActiveCfg = Debug|Any CPU
		{BC1007A0-26B4-4BF3-AB2E-CF5761A7E75F}.Debug|Any CPU.Build.0 = Debug|Any CPU
		{BC1007A0-26B4-4BF3-AB2E-CF5761A7E75F}.Release|Any CPU.ActiveCfg = Release|Any CPU
		{BC1007A0-26B4-4BF3-AB2E-CF5761A7E75F}.Release|Any CPU.Build.0 = Release|Any CPU
	EndGlobalSection
	GlobalSection(SolutionProperties) = preSolution
		HideSolutionNode = FALSE
	EndGlobalSection
	GlobalSection(ExtensibilityGlobals) = postSolution
		SolutionGuid = {3F01FF70-A171-45CA-8826-488E8635253C}
	EndGlobalSection
EndGlobal
